// !$*UTF8*$!
{
	archiveVersion = 1;
	classes = {
	};
	objectVersion = 55;
	objects = {

/* Begin PBXBuildFile section */
		CD48EB8D28F57D9B00AAF98E /* NetworkManager_Current.swift in Sources */ = {isa = PBXBuildFile; fileRef = CD48EB8C28F57D9B00AAF98E /* NetworkManager_Current.swift */; };
		CD48EB8F28F57DD700AAF98E /* CurrnetWeatherModel.swift in Sources */ = {isa = PBXBuildFile; fileRef = CD48EB8E28F57DD700AAF98E /* CurrnetWeatherModel.swift */; };
		CD48EB9228F57F7500AAF98E /* Constants.swift in Sources */ = {isa = PBXBuildFile; fileRef = CD48EB9128F57F7500AAF98E /* Constants.swift */; };
		CD48EB9428F5CD9B00AAF98E /* NetWorkManager_Short.swift in Sources */ = {isa = PBXBuildFile; fileRef = CD48EB9328F5CD9B00AAF98E /* NetWorkManager_Short.swift */; };
		CD5E23A428F319E700C4096D /* WeatherViewController.swift in Sources */ = {isa = PBXBuildFile; fileRef = CD5E23A328F319E700C4096D /* WeatherViewController.swift */; };
		CD5E23AC28F31F1E00C4096D /* HourWeatherCell.swift in Sources */ = {isa = PBXBuildFile; fileRef = CD5E23AB28F31F1E00C4096D /* HourWeatherCell.swift */; };
		CD6FB89F28F728FB00639E11 /* CurrentDataManager.swift in Sources */ = {isa = PBXBuildFile; fileRef = CD6FB89E28F728FB00639E11 /* CurrentDataManager.swift */; };
		CD6FB8A128F72A2D00639E11 /* CustomNotificationCenter.swift in Sources */ = {isa = PBXBuildFile; fileRef = CD6FB8A028F72A2D00639E11 /* CustomNotificationCenter.swift */; };
		CD6FB8A328F730D800639E11 /* ShortWeatherModel.swift in Sources */ = {isa = PBXBuildFile; fileRef = CD6FB8A228F730D800639E11 /* ShortWeatherModel.swift */; };
		CD6FB8A528F7335400639E11 /* ShortDataManager.swift in Sources */ = {isa = PBXBuildFile; fileRef = CD6FB8A428F7335400639E11 /* ShortDataManager.swift */; };
		CD75655928F30DB0004717B3 /* AppDelegate.swift in Sources */ = {isa = PBXBuildFile; fileRef = CD75655828F30DB0004717B3 /* AppDelegate.swift */; };
		CD75655B28F30DB0004717B3 /* SceneDelegate.swift in Sources */ = {isa = PBXBuildFile; fileRef = CD75655A28F30DB0004717B3 /* SceneDelegate.swift */; };
		CD75656028F30DB0004717B3 /* Main.storyboard in Resources */ = {isa = PBXBuildFile; fileRef = CD75655E28F30DB0004717B3 /* Main.storyboard */; };
		CD75656228F30DB0004717B3 /* Assets.xcassets in Resources */ = {isa = PBXBuildFile; fileRef = CD75656128F30DB0004717B3 /* Assets.xcassets */; };
		CD75656528F30DB0004717B3 /* LaunchScreen.storyboard in Resources */ = {isa = PBXBuildFile; fileRef = CD75656328F30DB0004717B3 /* LaunchScreen.storyboard */; };
		CDA2762528F8586500428435 /* SkyIconManager.swift in Sources */ = {isa = PBXBuildFile; fileRef = CDA2762428F8586500428435 /* SkyIconManager.swift */; };
		CDC2C75728FAA06500A7ED8B /* GPSManger.swift in Sources */ = {isa = PBXBuildFile; fileRef = CDC2C75628FAA06500A7ED8B /* GPSManger.swift */; };
		CDE4F47928F99D680093B3A7 /* DaysWeatherModel.swift in Sources */ = {isa = PBXBuildFile; fileRef = CDE4F47828F99D680093B3A7 /* DaysWeatherModel.swift */; };
		CDE4F47B28F99E270093B3A7 /* NetWorkManager_Days.swift in Sources */ = {isa = PBXBuildFile; fileRef = CDE4F47A28F99E270093B3A7 /* NetWorkManager_Days.swift */; };
		CDE4F47D28F9A1010093B3A7 /* DaysDataManager.swift in Sources */ = {isa = PBXBuildFile; fileRef = CDE4F47C28F9A1010093B3A7 /* DaysDataManager.swift */; };
		CDE4F48128F9E3420093B3A7 /* DaysWeatherCell.swift in Sources */ = {isa = PBXBuildFile; fileRef = CDE4F48028F9E3420093B3A7 /* DaysWeatherCell.swift */; };
/* End PBXBuildFile section */

/* Begin PBXFileReference section */
		CD48EB8C28F57D9B00AAF98E /* NetworkManager_Current.swift */ = {isa = PBXFileReference; lastKnownFileType = sourcecode.swift; path = NetworkManager_Current.swift; sourceTree = "<group>"; };
		CD48EB8E28F57DD700AAF98E /* CurrnetWeatherModel.swift */ = {isa = PBXFileReference; lastKnownFileType = sourcecode.swift; path = CurrnetWeatherModel.swift; sourceTree = "<group>"; };
		CD48EB9128F57F7500AAF98E /* Constants.swift */ = {isa = PBXFileReference; lastKnownFileType = sourcecode.swift; path = Constants.swift; sourceTree = "<group>"; };
		CD48EB9328F5CD9B00AAF98E /* NetWorkManager_Short.swift */ = {isa = PBXFileReference; lastKnownFileType = sourcecode.swift; path = NetWorkManager_Short.swift; sourceTree = "<group>"; };
		CD5E23A328F319E700C4096D /* WeatherViewController.swift */ = {isa = PBXFileReference; lastKnownFileType = sourcecode.swift; path = WeatherViewController.swift; sourceTree = "<group>"; };
		CD5E23AB28F31F1E00C4096D /* HourWeatherCell.swift */ = {isa = PBXFileReference; lastKnownFileType = sourcecode.swift; path = HourWeatherCell.swift; sourceTree = "<group>"; };
		CD6FB89E28F728FB00639E11 /* CurrentDataManager.swift */ = {isa = PBXFileReference; lastKnownFileType = sourcecode.swift; path = CurrentDataManager.swift; sourceTree = "<group>"; };
		CD6FB8A028F72A2D00639E11 /* CustomNotificationCenter.swift */ = {isa = PBXFileReference; lastKnownFileType = sourcecode.swift; path = CustomNotificationCenter.swift; sourceTree = "<group>"; };
		CD6FB8A228F730D800639E11 /* ShortWeatherModel.swift */ = {isa = PBXFileReference; lastKnownFileType = sourcecode.swift; path = ShortWeatherModel.swift; sourceTree = "<group>"; };
		CD6FB8A428F7335400639E11 /* ShortDataManager.swift */ = {isa = PBXFileReference; lastKnownFileType = sourcecode.swift; path = ShortDataManager.swift; sourceTree = "<group>"; };
		CD75655528F30DB0004717B3 /* WeatherNoti.app */ = {isa = PBXFileReference; explicitFileType = wrapper.application; includeInIndex = 0; path = WeatherNoti.app; sourceTree = BUILT_PRODUCTS_DIR; };
		CD75655828F30DB0004717B3 /* AppDelegate.swift */ = {isa = PBXFileReference; lastKnownFileType = sourcecode.swift; path = AppDelegate.swift; sourceTree = "<group>"; };
		CD75655A28F30DB0004717B3 /* SceneDelegate.swift */ = {isa = PBXFileReference; lastKnownFileType = sourcecode.swift; path = SceneDelegate.swift; sourceTree = "<group>"; };
		CD75655F28F30DB0004717B3 /* Base */ = {isa = PBXFileReference; lastKnownFileType = file.storyboard; name = Base; path = Base.lproj/Main.storyboard; sourceTree = "<group>"; };
		CD75656128F30DB0004717B3 /* Assets.xcassets */ = {isa = PBXFileReference; lastKnownFileType = folder.assetcatalog; path = Assets.xcassets; sourceTree = "<group>"; };
		CD75656428F30DB0004717B3 /* Base */ = {isa = PBXFileReference; lastKnownFileType = file.storyboard; name = Base; path = Base.lproj/LaunchScreen.storyboard; sourceTree = "<group>"; };
		CD75656628F30DB0004717B3 /* Info.plist */ = {isa = PBXFileReference; lastKnownFileType = text.plist.xml; path = Info.plist; sourceTree = "<group>"; };
		CDA2762428F8586500428435 /* SkyIconManager.swift */ = {isa = PBXFileReference; lastKnownFileType = sourcecode.swift; path = SkyIconManager.swift; sourceTree = "<group>"; };
		CDC2C75628FAA06500A7ED8B /* GPSManger.swift */ = {isa = PBXFileReference; lastKnownFileType = sourcecode.swift; path = GPSManger.swift; sourceTree = "<group>"; };
		CDE4F47828F99D680093B3A7 /* DaysWeatherModel.swift */ = {isa = PBXFileReference; lastKnownFileType = sourcecode.swift; path = DaysWeatherModel.swift; sourceTree = "<group>"; };
		CDE4F47A28F99E270093B3A7 /* NetWorkManager_Days.swift */ = {isa = PBXFileReference; lastKnownFileType = sourcecode.swift; path = NetWorkManager_Days.swift; sourceTree = "<group>"; };
		CDE4F47C28F9A1010093B3A7 /* DaysDataManager.swift */ = {isa = PBXFileReference; lastKnownFileType = sourcecode.swift; path = DaysDataManager.swift; sourceTree = "<group>"; };
		CDE4F48028F9E3420093B3A7 /* DaysWeatherCell.swift */ = {isa = PBXFileReference; lastKnownFileType = sourcecode.swift; path = DaysWeatherCell.swift; sourceTree = "<group>"; };
/* End PBXFileReference section */

/* Begin PBXFrameworksBuildPhase section */
		CD75655228F30DB0004717B3 /* Frameworks */ = {
			isa = PBXFrameworksBuildPhase;
			buildActionMask = 2147483647;
			files = (
			);
			runOnlyForDeploymentPostprocessing = 0;
		};
/* End PBXFrameworksBuildPhase section */

/* Begin PBXGroup section */
		CD48EB8B28F57D8700AAF98E /* Networking */ = {
			isa = PBXGroup;
			children = (
				CD48EB8C28F57D9B00AAF98E /* NetworkManager_Current.swift */,
				CD48EB9328F5CD9B00AAF98E /* NetWorkManager_Short.swift */,
				CDE4F47A28F99E270093B3A7 /* NetWorkManager_Days.swift */,
			);
			path = Networking;
			sourceTree = "<group>";
		};
		CD48EB9028F57F6800AAF98E /* Helpers */ = {
			isa = PBXGroup;
			children = (
				CD48EB9128F57F7500AAF98E /* Constants.swift */,
				CD6FB8A028F72A2D00639E11 /* CustomNotificationCenter.swift */,
				CDC2C75628FAA06500A7ED8B /* GPSManger.swift */,
			);
			path = Helpers;
			sourceTree = "<group>";
		};
		CD5E23A028F3193800C4096D /* Models */ = {
			isa = PBXGroup;
			children = (
				CDA2762428F8586500428435 /* SkyIconManager.swift */,
				CD6FB89E28F728FB00639E11 /* CurrentDataManager.swift */,
				CD48EB8E28F57DD700AAF98E /* CurrnetWeatherModel.swift */,
				CD6FB8A428F7335400639E11 /* ShortDataManager.swift */,
				CD6FB8A228F730D800639E11 /* ShortWeatherModel.swift */,
				CDE4F47C28F9A1010093B3A7 /* DaysDataManager.swift */,
				CDE4F47828F99D680093B3A7 /* DaysWeatherModel.swift */,
			);
			path = Models;
			sourceTree = "<group>";
		};
		CD5E23A128F3195E00C4096D /* Views */ = {
			isa = PBXGroup;
			children = (
				CD75655E28F30DB0004717B3 /* Main.storyboard */,
				CD5E23AB28F31F1E00C4096D /* HourWeatherCell.swift */,
				CDE4F48028F9E3420093B3A7 /* DaysWeatherCell.swift */,
			);
			path = Views;
			sourceTree = "<group>";
		};
		CD5E23A228F3196400C4096D /* Controllers */ = {
			isa = PBXGroup;
			children = (
				CD5E23A328F319E700C4096D /* WeatherViewController.swift */,
			);
			path = Controllers;
			sourceTree = "<group>";
		};
		CD75654C28F30DB0004717B3 = {
			isa = PBXGroup;
			children = (
				CD75655728F30DB0004717B3 /* WeatherNoti */,
				CD75655628F30DB0004717B3 /* Products */,
			);
			sourceTree = "<group>";
		};
		CD75655628F30DB0004717B3 /* Products */ = {
			isa = PBXGroup;
			children = (
				CD75655528F30DB0004717B3 /* WeatherNoti.app */,
			);
			name = Products;
			sourceTree = "<group>";
		};
		CD75655728F30DB0004717B3 /* WeatherNoti */ = {
			isa = PBXGroup;
			children = (
				CD75655828F30DB0004717B3 /* AppDelegate.swift */,
				CD75655A28F30DB0004717B3 /* SceneDelegate.swift */,
				CD48EB9028F57F6800AAF98E /* Helpers */,
				CD48EB8B28F57D8700AAF98E /* Networking */,
				CD5E23A028F3193800C4096D /* Models */,
				CD5E23A128F3195E00C4096D /* Views */,
				CD5E23A228F3196400C4096D /* Controllers */,
				CD75656128F30DB0004717B3 /* Assets.xcassets */,
				CD75656328F30DB0004717B3 /* LaunchScreen.storyboard */,
				CD75656628F30DB0004717B3 /* Info.plist */,
			);
			path = WeatherNoti;
			sourceTree = "<group>";
		};
/* End PBXGroup section */

/* Begin PBXNativeTarget section */
		CD75655428F30DB0004717B3 /* WeatherNoti */ = {
			isa = PBXNativeTarget;
			buildConfigurationList = CD75656928F30DB0004717B3 /* Build configuration list for PBXNativeTarget "WeatherNoti" */;
			buildPhases = (
				CD75655128F30DB0004717B3 /* Sources */,
				CD75655228F30DB0004717B3 /* Frameworks */,
				CD75655328F30DB0004717B3 /* Resources */,
			);
			buildRules = (
			);
			dependencies = (
			);
			name = WeatherNoti;
			productName = WeatherNoti;
			productReference = CD75655528F30DB0004717B3 /* WeatherNoti.app */;
			productType = "com.apple.product-type.application";
		};
/* End PBXNativeTarget section */

/* Begin PBXProject section */
		CD75654D28F30DB0004717B3 /* Project object */ = {
			isa = PBXProject;
			attributes = {
				BuildIndependentTargetsInParallel = 1;
				LastSwiftUpdateCheck = 1340;
				LastUpgradeCheck = 1340;
				TargetAttributes = {
					CD75655428F30DB0004717B3 = {
						CreatedOnToolsVersion = 13.4.1;
					};
				};
			};
			buildConfigurationList = CD75655028F30DB0004717B3 /* Build configuration list for PBXProject "WeatherNoti" */;
			compatibilityVersion = "Xcode 13.0";
			developmentRegion = en;
			hasScannedForEncodings = 0;
			knownRegions = (
				en,
				Base,
			);
			mainGroup = CD75654C28F30DB0004717B3;
			productRefGroup = CD75655628F30DB0004717B3 /* Products */;
			projectDirPath = "";
			projectRoot = "";
			targets = (
				CD75655428F30DB0004717B3 /* WeatherNoti */,
			);
		};
/* End PBXProject section */

/* Begin PBXResourcesBuildPhase section */
		CD75655328F30DB0004717B3 /* Resources */ = {
			isa = PBXResourcesBuildPhase;
			buildActionMask = 2147483647;
			files = (
				CD75656528F30DB0004717B3 /* LaunchScreen.storyboard in Resources */,
				CD75656228F30DB0004717B3 /* Assets.xcassets in Resources */,
				CD75656028F30DB0004717B3 /* Main.storyboard in Resources */,
			);
			runOnlyForDeploymentPostprocessing = 0;
		};
/* End PBXResourcesBuildPhase section */

/* Begin PBXSourcesBuildPhase section */
		CD75655128F30DB0004717B3 /* Sources */ = {
			isa = PBXSourcesBuildPhase;
			buildActionMask = 2147483647;
			files = (
				CD75655928F30DB0004717B3 /* AppDelegate.swift in Sources */,
				CD48EB8F28F57DD700AAF98E /* CurrnetWeatherModel.swift in Sources */,
				CDE4F47B28F99E270093B3A7 /* NetWorkManager_Days.swift in Sources */,
				CD6FB89F28F728FB00639E11 /* CurrentDataManager.swift in Sources */,
				CD6FB8A128F72A2D00639E11 /* CustomNotificationCenter.swift in Sources */,
				CD5E23AC28F31F1E00C4096D /* HourWeatherCell.swift in Sources */,
				CDE4F47D28F9A1010093B3A7 /* DaysDataManager.swift in Sources */,
				CD48EB9428F5CD9B00AAF98E /* NetWorkManager_Short.swift in Sources */,
				CD48EB8D28F57D9B00AAF98E /* NetworkManager_Current.swift in Sources */,
				CD5E23A428F319E700C4096D /* WeatherViewController.swift in Sources */,
				CD75655B28F30DB0004717B3 /* SceneDelegate.swift in Sources */,
				CDE4F48128F9E3420093B3A7 /* DaysWeatherCell.swift in Sources */,
				CDC2C75728FAA06500A7ED8B /* GPSManger.swift in Sources */,
				CDE4F47928F99D680093B3A7 /* DaysWeatherModel.swift in Sources */,
				CD48EB9228F57F7500AAF98E /* Constants.swift in Sources */,
				CD6FB8A528F7335400639E11 /* ShortDataManager.swift in Sources */,
				CD6FB8A328F730D800639E11 /* ShortWeatherModel.swift in Sources */,
				CDA2762528F8586500428435 /* SkyIconManager.swift in Sources */,
			);
			runOnlyForDeploymentPostprocessing = 0;
		};
/* End PBXSourcesBuildPhase section */

/* Begin PBXVariantGroup section */
		CD75655E28F30DB0004717B3 /* Main.storyboard */ = {
			isa = PBXVariantGroup;
			children = (
				CD75655F28F30DB0004717B3 /* Base */,
			);
			name = Main.storyboard;
			sourceTree = "<group>";
		};
		CD75656328F30DB0004717B3 /* LaunchScreen.storyboard */ = {
			isa = PBXVariantGroup;
			children = (
				CD75656428F30DB0004717B3 /* Base */,
			);
			name = LaunchScreen.storyboard;
			sourceTree = "<group>";
		};
/* End PBXVariantGroup section */

/* Begin XCBuildConfiguration section */
		CD75656728F30DB0004717B3 /* Debug */ = {
			isa = XCBuildConfiguration;
			buildSettings = {
				ALWAYS_SEARCH_USER_PATHS = NO;
				CLANG_ANALYZER_NONNULL = YES;
				CLANG_ANALYZER_NUMBER_OBJECT_CONVERSION = YES_AGGRESSIVE;
				CLANG_CXX_LANGUAGE_STANDARD = "gnu++17";
				CLANG_ENABLE_MODULES = YES;
				CLANG_ENABLE_OBJC_ARC = YES;
				CLANG_ENABLE_OBJC_WEAK = YES;
				CLANG_WARN_BLOCK_CAPTURE_AUTORELEASING = YES;
				CLANG_WARN_BOOL_CONVERSION = YES;
				CLANG_WARN_COMMA = YES;
				CLANG_WARN_CONSTANT_CONVERSION = YES;
				CLANG_WARN_DEPRECATED_OBJC_IMPLEMENTATIONS = YES;
				CLANG_WARN_DIRECT_OBJC_ISA_USAGE = YES_ERROR;
				CLANG_WARN_DOCUMENTATION_COMMENTS = YES;
				CLANG_WARN_EMPTY_BODY = YES;
				CLANG_WARN_ENUM_CONVERSION = YES;
				CLANG_WARN_INFINITE_RECURSION = YES;
				CLANG_WARN_INT_CONVERSION = YES;
				CLANG_WARN_NON_LITERAL_NULL_CONVERSION = YES;
				CLANG_WARN_OBJC_IMPLICIT_RETAIN_SELF = YES;
				CLANG_WARN_OBJC_LITERAL_CONVERSION = YES;
				CLANG_WARN_OBJC_ROOT_CLASS = YES_ERROR;
				CLANG_WARN_QUOTED_INCLUDE_IN_FRAMEWORK_HEADER = YES;
				CLANG_WARN_RANGE_LOOP_ANALYSIS = YES;
				CLANG_WARN_STRICT_PROTOTYPES = YES;
				CLANG_WARN_SUSPICIOUS_MOVE = YES;
				CLANG_WARN_UNGUARDED_AVAILABILITY = YES_AGGRESSIVE;
				CLANG_WARN_UNREACHABLE_CODE = YES;
				CLANG_WARN__DUPLICATE_METHOD_MATCH = YES;
				COPY_PHASE_STRIP = NO;
				DEBUG_INFORMATION_FORMAT = dwarf;
				ENABLE_STRICT_OBJC_MSGSEND = YES;
				ENABLE_TESTABILITY = YES;
				GCC_C_LANGUAGE_STANDARD = gnu11;
				GCC_DYNAMIC_NO_PIC = NO;
				GCC_NO_COMMON_BLOCKS = YES;
				GCC_OPTIMIZATION_LEVEL = 0;
				GCC_PREPROCESSOR_DEFINITIONS = (
					"DEBUG=1",
					"$(inherited)",
				);
				GCC_WARN_64_TO_32_BIT_CONVERSION = YES;
				GCC_WARN_ABOUT_RETURN_TYPE = YES_ERROR;
				GCC_WARN_UNDECLARED_SELECTOR = YES;
				GCC_WARN_UNINITIALIZED_AUTOS = YES_AGGRESSIVE;
				GCC_WARN_UNUSED_FUNCTION = YES;
				GCC_WARN_UNUSED_VARIABLE = YES;
				IPHONEOS_DEPLOYMENT_TARGET = 15.5;
				MTL_ENABLE_DEBUG_INFO = INCLUDE_SOURCE;
				MTL_FAST_MATH = YES;
				ONLY_ACTIVE_ARCH = YES;
				SDKROOT = iphoneos;
				SWIFT_ACTIVE_COMPILATION_CONDITIONS = DEBUG;
				SWIFT_OPTIMIZATION_LEVEL = "-Onone";
			};
			name = Debug;
		};
		CD75656828F30DB0004717B3 /* Release */ = {
			isa = XCBuildConfiguration;
			buildSettings = {
				ALWAYS_SEARCH_USER_PATHS = NO;
				CLANG_ANALYZER_NONNULL = YES;
				CLANG_ANALYZER_NUMBER_OBJECT_CONVERSION = YES_AGGRESSIVE;
				CLANG_CXX_LANGUAGE_STANDARD = "gnu++17";
				CLANG_ENABLE_MODULES = YES;
				CLANG_ENABLE_OBJC_ARC = YES;
				CLANG_ENABLE_OBJC_WEAK = YES;
				CLANG_WARN_BLOCK_CAPTURE_AUTORELEASING = YES;
				CLANG_WARN_BOOL_CONVERSION = YES;
				CLANG_WARN_COMMA = YES;
				CLANG_WARN_CONSTANT_CONVERSION = YES;
				CLANG_WARN_DEPRECATED_OBJC_IMPLEMENTATIONS = YES;
				CLANG_WARN_DIRECT_OBJC_ISA_USAGE = YES_ERROR;
				CLANG_WARN_DOCUMENTATION_COMMENTS = YES;
				CLANG_WARN_EMPTY_BODY = YES;
				CLANG_WARN_ENUM_CONVERSION = YES;
				CLANG_WARN_INFINITE_RECURSION = YES;
				CLANG_WARN_INT_CONVERSION = YES;
				CLANG_WARN_NON_LITERAL_NULL_CONVERSION = YES;
				CLANG_WARN_OBJC_IMPLICIT_RETAIN_SELF = YES;
				CLANG_WARN_OBJC_LITERAL_CONVERSION = YES;
				CLANG_WARN_OBJC_ROOT_CLASS = YES_ERROR;
				CLANG_WARN_QUOTED_INCLUDE_IN_FRAMEWORK_HEADER = YES;
				CLANG_WARN_RANGE_LOOP_ANALYSIS = YES;
				CLANG_WARN_STRICT_PROTOTYPES = YES;
				CLANG_WARN_SUSPICIOUS_MOVE = YES;
				CLANG_WARN_UNGUARDED_AVAILABILITY = YES_AGGRESSIVE;
				CLANG_WARN_UNREACHABLE_CODE = YES;
				CLANG_WARN__DUPLICATE_METHOD_MATCH = YES;
				COPY_PHASE_STRIP = NO;
				DEBUG_INFORMATION_FORMAT = "dwarf-with-dsym";
				ENABLE_NS_ASSERTIONS = NO;
				ENABLE_STRICT_OBJC_MSGSEND = YES;
				GCC_C_LANGUAGE_STANDARD = gnu11;
				GCC_NO_COMMON_BLOCKS = YES;
				GCC_WARN_64_TO_32_BIT_CONVERSION = YES;
				GCC_WARN_ABOUT_RETURN_TYPE = YES_ERROR;
				GCC_WARN_UNDECLARED_SELECTOR = YES;
				GCC_WARN_UNINITIALIZED_AUTOS = YES_AGGRESSIVE;
				GCC_WARN_UNUSED_FUNCTION = YES;
				GCC_WARN_UNUSED_VARIABLE = YES;
				IPHONEOS_DEPLOYMENT_TARGET = 15.5;
				MTL_ENABLE_DEBUG_INFO = NO;
				MTL_FAST_MATH = YES;
				SDKROOT = iphoneos;
				SWIFT_COMPILATION_MODE = wholemodule;
				SWIFT_OPTIMIZATION_LEVEL = "-O";
				VALIDATE_PRODUCT = YES;
			};
			name = Release;
		};
		CD75656A28F30DB0004717B3 /* Debug */ = {
			isa = XCBuildConfiguration;
			buildSettings = {
				ASSETCATALOG_COMPILER_APPICON_NAME = AppIcon;
				ASSETCATALOG_COMPILER_GLOBAL_ACCENT_COLOR_NAME = AccentColor;
				CODE_SIGN_STYLE = Automatic;
				CURRENT_PROJECT_VERSION = 1;
				GENERATE_INFOPLIST_FILE = YES;
				INFOPLIST_FILE = WeatherNoti/Info.plist;
				INFOPLIST_KEY_UIApplicationSupportsIndirectInputEvents = YES;
				INFOPLIST_KEY_UILaunchStoryboardName = LaunchScreen;
				INFOPLIST_KEY_UIMainStoryboardFile = Main;
				INFOPLIST_KEY_UISupportedInterfaceOrientations = UIInterfaceOrientationPortrait;
				INFOPLIST_KEY_UISupportedInterfaceOrientations_iPad = "UIInterfaceOrientationPortrait UIInterfaceOrientationPortraitUpsideDown UIInterfaceOrientationLandscapeLeft UIInterfaceOrientationLandscapeRight";
				INFOPLIST_KEY_UISupportedInterfaceOrientations_iPhone = "UIInterfaceOrientationPortrait UIInterfaceOrientationLandscapeLeft UIInterfaceOrientationLandscapeRight";
				IPHONEOS_DEPLOYMENT_TARGET = 14.0;
				LD_RUNPATH_SEARCH_PATHS = (
					"$(inherited)",
					"@executable_path/Frameworks",
				);
				MARKETING_VERSION = 1.0;
				PRODUCT_BUNDLE_IDENTIFIER = com.jisuKim.WeatherNoti;
				PRODUCT_NAME = "$(TARGET_NAME)";
				SWIFT_EMIT_LOC_STRINGS = YES;
				SWIFT_VERSION = 5.0;
				TARGETED_DEVICE_FAMILY = 1;
			};
			name = Debug;
		};
		CD75656B28F30DB0004717B3 /* Release */ = {
			isa = XCBuildConfiguration;
			buildSettings = {
				ASSETCATALOG_COMPILER_APPICON_NAME = AppIcon;
				ASSETCATALOG_COMPILER_GLOBAL_ACCENT_COLOR_NAME = AccentColor;
				CODE_SIGN_STYLE = Automatic;
				CURRENT_PROJECT_VERSION = 1;
				GENERATE_INFOPLIST_FILE = YES;
				INFOPLIST_FILE = WeatherNoti/Info.plist;
				INFOPLIST_KEY_UIApplicationSupportsIndirectInputEvents = YES;
				INFOPLIST_KEY_UILaunchStoryboardName = LaunchScreen;
				INFOPLIST_KEY_UIMainStoryboardFile = Main;
				INFOPLIST_KEY_UISupportedInterfaceOrientations = UIInterfaceOrientationPortrait;
				INFOPLIST_KEY_UISupportedInterfaceOrientations_iPad = "UIInterfaceOrientationPortrait UIInterfaceOrientationPortraitUpsideDown UIInterfaceOrientationLandscapeLeft UIInterfaceOrientationLandscapeRight";
				INFOPLIST_KEY_UISupportedInterfaceOrientations_iPhone = "UIInterfaceOrientationPortrait UIInterfaceOrientationLandscapeLeft UIInterfaceOrientationLandscapeRight";
				IPHONEOS_DEPLOYMENT_TARGET = 14.0;
				LD_RUNPATH_SEARCH_PATHS = (
					"$(inherited)",
					"@executable_path/Frameworks",
				);
				MARKETING_VERSION = 1.0;
				PRODUCT_BUNDLE_IDENTIFIER = com.jisuKim.WeatherNoti;
				PRODUCT_NAME = "$(TARGET_NAME)";
				SWIFT_EMIT_LOC_STRINGS = YES;
				SWIFT_VERSION = 5.0;
				TARGETED_DEVICE_FAMILY = 1;
			};
			name = Release;
		};
/* End XCBuildConfiguration section */

/* Begin XCConfigurationList section */
		CD75655028F30DB0004717B3 /* Build configuration list for PBXProject "WeatherNoti" */ = {
			isa = XCConfigurationList;
			buildConfigurations = (
				CD75656728F30DB0004717B3 /* Debug */,
				CD75656828F30DB0004717B3 /* Release */,
			);
			defaultConfigurationIsVisible = 0;
			defaultConfigurationName = Release;
		};
		CD75656928F30DB0004717B3 /* Build configuration list for PBXNativeTarget "WeatherNoti" */ = {
			isa = XCConfigurationList;
			buildConfigurations = (
				CD75656A28F30DB0004717B3 /* Debug */,
				CD75656B28F30DB0004717B3 /* Release */,
			);
			defaultConfigurationIsVisible = 0;
			defaultConfigurationName = Release;
		};
/* End XCConfigurationList section */
	};
	rootObject = CD75654D28F30DB0004717B3 /* Project object */;
}
